
Microsoft Visual Studio Solution File, Format Version 12.00
# Visual Studio Version 16
VisualStudioVersion = 16.0.29911.84
MinimumVisualStudioVersion = 10.0.40219.1
Project("{FAE04EC0-301F-11D3-BF4B-00C04F79EFBC}") = "LuisTest", "LuisTest\LuisTest.csproj", "{8F336098-B8B9-4CEE-A4C5-2A419060F8B5}"
EndProject
Global
	GlobalSection(SolutionConfigurationPlatforms) = preSolution
		Debug|Any CPU = Debug|Any CPU
		Release|Any CPU = Release|Any CPU
	EndGlobalSection
	GlobalSection(ProjectConfigurationPlatforms) = postSolution
		{8F336098-B8B9-4CEE-A4C5-2A419060F8B5}.Debug|Any CPU.ActiveCfg = Debug|Any CPU
		{8F336098-B8B9-4CEE-A4C5-2A419060F8B5}.Debug|Any CPU.Build.0 = Debug|Any CPU
		{8F336098-B8B9-4CEE-A4C5-2A419060F8B5}.Release|Any CPU.ActiveCfg = Release|Any CPU
		{8F336098-B8B9-4CEE-A4C5-2A419060F8B5}.Release|Any CPU.Build.0 = Release|Any CPU
	EndGlobalSection
	GlobalSection(SolutionProperties) = preSolution
		HideSolutionNode = FALSE
	EndGlobalSection
	GlobalSection(ExtensibilityGlobals) = postSolution
		SolutionGuid = {EE2C2DF0-ECFD-4F94-AFC0-CAEEDD90526D}
	EndGlobalSection
EndGlobal
